// !$*UTF8*$!
{
	archiveVersion = 1;
	classes = {
	};
	objectVersion = 56;
	objects = {

/* Begin PBXBuildFile section */
		8BE045B52901055E0045EB39 /* AppDelegate.swift in Sources */ = {isa = PBXBuildFile; fileRef = 8BE045B42901055E0045EB39 /* AppDelegate.swift */; };
		8BE045B72901055E0045EB39 /* SceneDelegate.swift in Sources */ = {isa = PBXBuildFile; fileRef = 8BE045B62901055E0045EB39 /* SceneDelegate.swift */; };
		8BE045B92901055E0045EB39 /* ViewController.swift in Sources */ = {isa = PBXBuildFile; fileRef = 8BE045B82901055E0045EB39 /* ViewController.swift */; };
		8BE045BC2901055E0045EB39 /* Main.storyboard in Resources */ = {isa = PBXBuildFile; fileRef = 8BE045BA2901055E0045EB39 /* Main.storyboard */; };
		8BE045BE290105610045EB39 /* Assets.xcassets in Resources */ = {isa = PBXBuildFile; fileRef = 8BE045BD290105610045EB39 /* Assets.xcassets */; };
		8BE045C1290105610045EB39 /* LaunchScreen.storyboard in Resources */ = {isa = PBXBuildFile; fileRef = 8BE045BF290105610045EB39 /* LaunchScreen.storyboard */; };
		8BE045CC290105620045EB39 /* coupang2Tests.swift in Sources */ = {isa = PBXBuildFile; fileRef = 8BE045CB290105620045EB39 /* coupang2Tests.swift */; };
		8BE045D6290105620045EB39 /* coupang2UITests.swift in Sources */ = {isa = PBXBuildFile; fileRef = 8BE045D5290105620045EB39 /* coupang2UITests.swift */; };
		8BE045D8290105620045EB39 /* coupang2UITestsLaunchTests.swift in Sources */ = {isa = PBXBuildFile; fileRef = 8BE045D7290105620045EB39 /* coupang2UITestsLaunchTests.swift */; };
/* End PBXBuildFile section */

/* Begin PBXContainerItemProxy section */
		8BE045C8290105620045EB39 /* PBXContainerItemProxy */ = {
			isa = PBXContainerItemProxy;
			containerPortal = 8BE045A92901055E0045EB39 /* Project object */;
			proxyType = 1;
			remoteGlobalIDString = 8BE045B02901055E0045EB39;
			remoteInfo = coupang2;
		};
		8BE045D2290105620045EB39 /* PBXContainerItemProxy */ = {
			isa = PBXContainerItemProxy;
			containerPortal = 8BE045A92901055E0045EB39 /* Project object */;
			proxyType = 1;
			remoteGlobalIDString = 8BE045B02901055E0045EB39;
			remoteInfo = coupang2;
		};
/* End PBXContainerItemProxy section */

/* Begin PBXFileReference section */
		8BE045B12901055E0045EB39 /* coupang2.app */ = {isa = PBXFileReference; explicitFileType = wrapper.application; includeInIndex = 0; path = coupang2.app; sourceTree = BUILT_PRODUCTS_DIR; };
		8BE045B42901055E0045EB39 /* AppDelegate.swift */ = {isa = PBXFileReference; lastKnownFileType = sourcecode.swift; path = AppDelegate.swift; sourceTree = "<group>"; };
		8BE045B62901055E0045EB39 /* SceneDelegate.swift */ = {isa = PBXFileReference; lastKnownFileType = sourcecode.swift; path = SceneDelegate.swift; sourceTree = "<group>"; };
		8BE045B82901055E0045EB39 /* ViewController.swift */ = {isa = PBXFileReference; lastKnownFileType = sourcecode.swift; path = ViewController.swift; sourceTree = "<group>"; };
		8BE045BB2901055E0045EB39 /* Base */ = {isa = PBXFileReference; lastKnownFileType = file.storyboard; name = Base; path = Base.lproj/Main.storyboard; sourceTree = "<group>"; };
		8BE045BD290105610045EB39 /* Assets.xcassets */ = {isa = PBXFileReference; lastKnownFileType = folder.assetcatalog; path = Assets.xcassets; sourceTree = "<group>"; };
		8BE045C0290105610045EB39 /* Base */ = {isa = PBXFileReference; lastKnownFileType = file.storyboard; name = Base; path = Base.lproj/LaunchScreen.storyboard; sourceTree = "<group>"; };
		8BE045C2290105610045EB39 /* Info.plist */ = {isa = PBXFileReference; lastKnownFileType = text.plist.xml; path = Info.plist; sourceTree = "<group>"; };
		8BE045C7290105620045EB39 /* coupang2Tests.xctest */ = {isa = PBXFileReference; explicitFileType = wrapper.cfbundle; includeInIndex = 0; path = coupang2Tests.xctest; sourceTree = BUILT_PRODUCTS_DIR; };
		8BE045CB290105620045EB39 /* coupang2Tests.swift */ = {isa = PBXFileReference; lastKnownFileType = sourcecode.swift; path = coupang2Tests.swift; sourceTree = "<group>"; };
		8BE045D1290105620045EB39 /* coupang2UITests.xctest */ = {isa = PBXFileReference; explicitFileType = wrapper.cfbundle; includeInIndex = 0; path = coupang2UITests.xctest; sourceTree = BUILT_PRODUCTS_DIR; };
		8BE045D5290105620045EB39 /* coupang2UITests.swift */ = {isa = PBXFileReference; lastKnownFileType = sourcecode.swift; path = coupang2UITests.swift; sourceTree = "<group>"; };
		8BE045D7290105620045EB39 /* coupang2UITestsLaunchTests.swift */ = {isa = PBXFileReference; lastKnownFileType = sourcecode.swift; path = coupang2UITestsLaunchTests.swift; sourceTree = "<group>"; };
/* End PBXFileReference section */

/* Begin PBXFrameworksBuildPhase section */
		8BE045AE2901055E0045EB39 /* Frameworks */ = {
			isa = PBXFrameworksBuildPhase;
			buildActionMask = 2147483647;
			files = (
			);
			runOnlyForDeploymentPostprocessing = 0;
		};
		8BE045C4290105620045EB39 /* Frameworks */ = {
			isa = PBXFrameworksBuildPhase;
			buildActionMask = 2147483647;
			files = (
			);
			runOnlyForDeploymentPostprocessing = 0;
		};
		8BE045CE290105620045EB39 /* Frameworks */ = {
			isa = PBXFrameworksBuildPhase;
			buildActionMask = 2147483647;
			files = (
			);
			runOnlyForDeploymentPostprocessing = 0;
		};
/* End PBXFrameworksBuildPhase section */

/* Begin PBXGroup section */
		8BE045A82901055E0045EB39 = {
			isa = PBXGroup;
			children = (
				8BE045B32901055E0045EB39 /* coupang2 */,
				8BE045CA290105620045EB39 /* coupang2Tests */,
				8BE045D4290105620045EB39 /* coupang2UITests */,
				8BE045B22901055E0045EB39 /* Products */,
			);
			sourceTree = "<group>";
		};
		8BE045B22901055E0045EB39 /* Products */ = {
			isa = PBXGroup;
			children = (
				8BE045B12901055E0045EB39 /* coupang2.app */,
				8BE045C7290105620045EB39 /* coupang2Tests.xctest */,
				8BE045D1290105620045EB39 /* coupang2UITests.xctest */,
			);
			name = Products;
			sourceTree = "<group>";
		};
		8BE045B32901055E0045EB39 /* coupang2 */ = {
			isa = PBXGroup;
			children = (
				8BE045B42901055E0045EB39 /* AppDelegate.swift */,
				8BE045B62901055E0045EB39 /* SceneDelegate.swift */,
				8BE045B82901055E0045EB39 /* ViewController.swift */,
				8BE045BA2901055E0045EB39 /* Main.storyboard */,
				8BE045BD290105610045EB39 /* Assets.xcassets */,
				8BE045BF290105610045EB39 /* LaunchScreen.storyboard */,
				8BE045C2290105610045EB39 /* Info.plist */,
			);
			path = coupang2;
			sourceTree = "<group>";
		};
		8BE045CA290105620045EB39 /* coupang2Tests */ = {
			isa = PBXGroup;
			children = (
				8BE045CB290105620045EB39 /* coupang2Tests.swift */,
			);
			path = coupang2Tests;
			sourceTree = "<group>";
		};
		8BE045D4290105620045EB39 /* coupang2UITests */ = {
			isa = PBXGroup;
			children = (
				8BE045D5290105620045EB39 /* coupang2UITests.swift */,
				8BE045D7290105620045EB39 /* coupang2UITestsLaunchTests.swift */,
			);
			path = coupang2UITests;
			sourceTree = "<group>";
		};
/* End PBXGroup section */

/* Begin PBXNativeTarget section */
		8BE045B02901055E0045EB39 /* coupang2 */ = {
			isa = PBXNativeTarget;
			buildConfigurationList = 8BE045DB290105620045EB39 /* Build configuration list for PBXNativeTarget "coupang2" */;
			buildPhases = (
				8BE045AD2901055E0045EB39 /* Sources */,
				8BE045AE2901055E0045EB39 /* Frameworks */,
				8BE045AF2901055E0045EB39 /* Resources */,
			);
			buildRules = (
			);
			dependencies = (
			);
			name = coupang2;
			productName = coupang2;
			productReference = 8BE045B12901055E0045EB39 /* coupang2.app */;
			productType = "com.apple.product-type.application";
		};
		8BE045C6290105620045EB39 /* coupang2Tests */ = {
			isa = PBXNativeTarget;
			buildConfigurationList = 8BE045DE290105620045EB39 /* Build configuration list for PBXNativeTarget "coupang2Tests" */;
			buildPhases = (
				8BE045C3290105620045EB39 /* Sources */,
				8BE045C4290105620045EB39 /* Frameworks */,
				8BE045C5290105620045EB39 /* Resources */,
			);
			buildRules = (
			);
			dependencies = (
				8BE045C9290105620045EB39 /* PBXTargetDependency */,
			);
			name = coupang2Tests;
			productName = coupang2Tests;
			productReference = 8BE045C7290105620045EB39 /* coupang2Tests.xctest */;
			productType = "com.apple.product-type.bundle.unit-test";
		};
		8BE045D0290105620045EB39 /* coupang2UITests */ = {
			isa = PBXNativeTarget;
			buildConfigurationList = 8BE045E1290105620045EB39 /* Build configuration list for PBXNativeTarget "coupang2UITests" */;
			buildPhases = (
				8BE045CD290105620045EB39 /* Sources */,
				8BE045CE290105620045EB39 /* Frameworks */,
				8BE045CF290105620045EB39 /* Resources */,
			);
			buildRules = (
			);
			dependencies = (
				8BE045D3290105620045EB39 /* PBXTargetDependency */,
			);
			name = coupang2UITests;
			productName = coupang2UITests;
			productReference = 8BE045D1290105620045EB39 /* coupang2UITests.xctest */;
			productType = "com.apple.product-type.bundle.ui-testing";
		};
/* End PBXNativeTarget section */

/* Begin PBXProject section */
		8BE045A92901055E0045EB39 /* Project object */ = {
			isa = PBXProject;
			attributes = {
				BuildIndependentTargetsInParallel = 1;
				LastSwiftUpdateCheck = 1400;
				LastUpgradeCheck = 1400;
				TargetAttributes = {
					8BE045B02901055E0045EB39 = {
						CreatedOnToolsVersion = 14.0.1;
					};
					8BE045C6290105620045EB39 = {
						CreatedOnToolsVersion = 14.0.1;
						TestTargetID = 8BE045B02901055E0045EB39;
					};
					8BE045D0290105620045EB39 = {
						CreatedOnToolsVersion = 14.0.1;
						TestTargetID = 8BE045B02901055E0045EB39;
					};
				};
			};
			buildConfigurationList = 8BE045AC2901055E0045EB39 /* Build configuration list for PBXProject "coupang2" */;
			compatibilityVersion = "Xcode 14.0";
			developmentRegion = en;
			hasScannedForEncodings = 0;
			knownRegions = (
				en,
				Base,
			);
			mainGroup = 8BE045A82901055E0045EB39;
			productRefGroup = 8BE045B22901055E0045EB39 /* Products */;
			projectDirPath = "";
			projectRoot = "";
			targets = (
				8BE045B02901055E0045EB39 /* coupang2 */,
				8BE045C6290105620045EB39 /* coupang2Tests */,
				8BE045D0290105620045EB39 /* coupang2UITests */,
			);
		};
/* End PBXProject section */

/* Begin PBXResourcesBuildPhase section */
		8BE045AF2901055E0045EB39 /* Resources */ = {
			isa = PBXResourcesBuildPhase;
			buildActionMask = 2147483647;
			files = (
				8BE045C1290105610045EB39 /* LaunchScreen.storyboard in Resources */,
				8BE045BE290105610045EB39 /* Assets.xcassets in Resources */,
				8BE045BC2901055E0045EB39 /* Main.storyboard in Resources */,
			);
			runOnlyForDeploymentPostprocessing = 0;
		};
		8BE045C5290105620045EB39 /* Resources */ = {
			isa = PBXResourcesBuildPhase;
			buildActionMask = 2147483647;
			files = (
			);
			runOnlyForDeploymentPostprocessing = 0;
		};
		8BE045CF290105620045EB39 /* Resources */ = {
			isa = PBXResourcesBuildPhase;
			buildActionMask = 2147483647;
			files = (
			);
			runOnlyForDeploymentPostprocessing = 0;
		};
/* End PBXResourcesBuildPhase section */

/* Begin PBXSourcesBuildPhase section */
		8BE045AD2901055E0045EB39 /* Sources */ = {
			isa = PBXSourcesBuildPhase;
			buildActionMask = 2147483647;
			files = (
				8BE045B92901055E0045EB39 /* ViewController.swift in Sources */,
				8BE045B52901055E0045EB39 /* AppDelegate.swift in Sources */,
				8BE045B72901055E0045EB39 /* SceneDelegate.swift in Sources */,
			);
			runOnlyForDeploymentPostprocessing = 0;
		};
		8BE045C3290105620045EB39 /* Sources */ = {
			isa = PBXSourcesBuildPhase;
			buildActionMask = 2147483647;
			files = (
				8BE045CC290105620045EB39 /* coupang2Tests.swift in Sources */,
			);
			runOnlyForDeploymentPostprocessing = 0;
		};
		8BE045CD290105620045EB39 /* Sources */ = {
			isa = PBXSourcesBuildPhase;
			buildActionMask = 2147483647;
			files = (
				8BE045D8290105620045EB39 /* coupang2UITestsLaunchTests.swift in Sources */,
				8BE045D6290105620045EB39 /* coupang2UITests.swift in Sources */,
			);
			runOnlyForDeploymentPostprocessing = 0;
		};
/* End PBXSourcesBuildPhase section */

/* Begin PBXTargetDependency section */
		8BE045C9290105620045EB39 /* PBXTargetDependency */ = {
			isa = PBXTargetDependency;
			target = 8BE045B02901055E0045EB39 /* coupang2 */;
			targetProxy = 8BE045C8290105620045EB39 /* PBXContainerItemProxy */;
		};
		8BE045D3290105620045EB39 /* PBXTargetDependency */ = {
			isa = PBXTargetDependency;
			target = 8BE045B02901055E0045EB39 /* coupang2 */;
			targetProxy = 8BE045D2290105620045EB39 /* PBXContainerItemProxy */;
		};
/* End PBXTargetDependency section */

/* Begin PBXVariantGroup section */
		8BE045BA2901055E0045EB39 /* Main.storyboard */ = {
			isa = PBXVariantGroup;
			children = (
				8BE045BB2901055E0045EB39 /* Base */,
			);
			name = Main.storyboard;
			sourceTree = "<group>";
		};
		8BE045BF290105610045EB39 /* LaunchScreen.storyboard */ = {
			isa = PBXVariantGroup;
			children = (
				8BE045C0290105610045EB39 /* Base */,
			);
			name = LaunchScreen.storyboard;
			sourceTree = "<group>";
		};
/* End PBXVariantGroup section */

/* Begin XCBuildConfiguration section */
		8BE045D9290105620045EB39 /* Debug */ = {
			isa = XCBuildConfiguration;
			buildSettings = {
				ALWAYS_SEARCH_USER_PATHS = NO;
				CLANG_ANALYZER_NONNULL = YES;
				CLANG_ANALYZER_NUMBER_OBJECT_CONVERSION = YES_AGGRESSIVE;
				CLANG_CXX_LANGUAGE_STANDARD = "gnu++20";
				CLANG_ENABLE_MODULES = YES;
				CLANG_ENABLE_OBJC_ARC = YES;
				CLANG_ENABLE_OBJC_WEAK = YES;
				CLANG_WARN_BLOCK_CAPTURE_AUTORELEASING = YES;
				CLANG_WARN_BOOL_CONVERSION = YES;
				CLANG_WARN_COMMA = YES;
				CLANG_WARN_CONSTANT_CONVERSION = YES;
				CLANG_WARN_DEPRECATED_OBJC_IMPLEMENTATIONS = YES;
				CLANG_WARN_DIRECT_OBJC_ISA_USAGE = YES_ERROR;
				CLANG_WARN_DOCUMENTATION_COMMENTS = YES;
				CLANG_WARN_EMPTY_BODY = YES;
				CLANG_WARN_ENUM_CONVERSION = YES;
				CLANG_WARN_INFINITE_RECURSION = YES;
				CLANG_WARN_INT_CONVERSION = YES;
				CLANG_WARN_NON_LITERAL_NULL_CONVERSION = YES;
				CLANG_WARN_OBJC_IMPLICIT_RETAIN_SELF = YES;
				CLANG_WARN_OBJC_LITERAL_CONVERSION = YES;
				CLANG_WARN_OBJC_ROOT_CLASS = YES_ERROR;
				CLANG_WARN_QUOTED_INCLUDE_IN_FRAMEWORK_HEADER = YES;
				CLANG_WARN_RANGE_LOOP_ANALYSIS = YES;
				CLANG_WARN_STRICT_PROTOTYPES = YES;
				CLANG_WARN_SUSPICIOUS_MOVE = YES;
				CLANG_WARN_UNGUARDED_AVAILABILITY = YES_AGGRESSIVE;
				CLANG_WARN_UNREACHABLE_CODE = YES;
				CLANG_WARN__DUPLICATE_METHOD_MATCH = YES;
				COPY_PHASE_STRIP = NO;
				DEBUG_INFORMATION_FORMAT = dwarf;
				ENABLE_STRICT_OBJC_MSGSEND = YES;
				ENABLE_TESTABILITY = YES;
				GCC_C_LANGUAGE_STANDARD = gnu11;
				GCC_DYNAMIC_NO_PIC = NO;
				GCC_NO_COMMON_BLOCKS = YES;
				GCC_OPTIMIZATION_LEVEL = 0;
				GCC_PREPROCESSOR_DEFINITIONS = (
					"DEBUG=1",
					"$(inherited)",
				);
				GCC_WARN_64_TO_32_BIT_CONVERSION = YES;
				GCC_WARN_ABOUT_RETURN_TYPE = YES_ERROR;
				GCC_WARN_UNDECLARED_SELECTOR = YES;
				GCC_WARN_UNINITIALIZED_AUTOS = YES_AGGRESSIVE;
				GCC_WARN_UNUSED_FUNCTION = YES;
				GCC_WARN_UNUSED_VARIABLE = YES;
				IPHONEOS_DEPLOYMENT_TARGET = 16.0;
				MTL_ENABLE_DEBUG_INFO = INCLUDE_SOURCE;
				MTL_FAST_MATH = YES;
				ONLY_ACTIVE_ARCH = YES;
				SDKROOT = iphoneos;
				SWIFT_ACTIVE_COMPILATION_CONDITIONS = DEBUG;
				SWIFT_OPTIMIZATION_LEVEL = "-Onone";
			};
			name = Debug;
		};
		8BE045DA290105620045EB39 /* Release */ = {
			isa = XCBuildConfiguration;
			buildSettings = {
				ALWAYS_SEARCH_USER_PATHS = NO;
				CLANG_ANALYZER_NONNULL = YES;
				CLANG_ANALYZER_NUMBER_OBJECT_CONVERSION = YES_AGGRESSIVE;
				CLANG_CXX_LANGUAGE_STANDARD = "gnu++20";
				CLANG_ENABLE_MODULES = YES;
				CLANG_ENABLE_OBJC_ARC = YES;
				CLANG_ENABLE_OBJC_WEAK = YES;
				CLANG_WARN_BLOCK_CAPTURE_AUTORELEASING = YES;
				CLANG_WARN_BOOL_CONVERSION = YES;
				CLANG_WARN_COMMA = YES;
				CLANG_WARN_CONSTANT_CONVERSION = YES;
				CLANG_WARN_DEPRECATED_OBJC_IMPLEMENTATIONS = YES;
				CLANG_WARN_DIRECT_OBJC_ISA_USAGE = YES_ERROR;
				CLANG_WARN_DOCUMENTATION_COMMENTS = YES;
				CLANG_WARN_EMPTY_BODY = YES;
				CLANG_WARN_ENUM_CONVERSION = YES;
				CLANG_WARN_INFINITE_RECURSION = YES;
				CLANG_WARN_INT_CONVERSION = YES;
				CLANG_WARN_NON_LITERAL_NULL_CONVERSION = YES;
				CLANG_WARN_OBJC_IMPLICIT_RETAIN_SELF = YES;
				CLANG_WARN_OBJC_LITERAL_CONVERSION = YES;
				CLANG_WARN_OBJC_ROOT_CLASS = YES_ERROR;
				CLANG_WARN_QUOTED_INCLUDE_IN_FRAMEWORK_HEADER = YES;
				CLANG_WARN_RANGE_LOOP_ANALYSIS = YES;
				CLANG_WARN_STRICT_PROTOTYPES = YES;
				CLANG_WARN_SUSPICIOUS_MOVE = YES;
				CLANG_WARN_UNGUARDED_AVAILABILITY = YES_AGGRESSIVE;
				CLANG_WARN_UNREACHABLE_CODE = YES;
				CLANG_WARN__DUPLICATE_METHOD_MATCH = YES;
				COPY_PHASE_STRIP = NO;
				DEBUG_INFORMATION_FORMAT = "dwarf-with-dsym";
				ENABLE_NS_ASSERTIONS = NO;
				ENABLE_STRICT_OBJC_MSGSEND = YES;
				GCC_C_LANGUAGE_STANDARD = gnu11;
				GCC_NO_COMMON_BLOCKS = YES;
				GCC_WARN_64_TO_32_BIT_CONVERSION = YES;
				GCC_WARN_ABOUT_RETURN_TYPE = YES_ERROR;
				GCC_WARN_UNDECLARED_SELECTOR = YES;
				GCC_WARN_UNINITIALIZED_AUTOS = YES_AGGRESSIVE;
				GCC_WARN_UNUSED_FUNCTION = YES;
				GCC_WARN_UNUSED_VARIABLE = YES;
				IPHONEOS_DEPLOYMENT_TARGET = 16.0;
				MTL_ENABLE_DEBUG_INFO = NO;
				MTL_FAST_MATH = YES;
				SDKROOT = iphoneos;
				SWIFT_COMPILATION_MODE = wholemodule;
				SWIFT_OPTIMIZATION_LEVEL = "-O";
				VALIDATE_PRODUCT = YES;
			};
			name = Release;
		};
		8BE045DC290105620045EB39 /* Debug */ = {
			isa = XCBuildConfiguration;
			buildSettings = {
				ASSETCATALOG_COMPILER_APPICON_NAME = AppIcon;
				ASSETCATALOG_COMPILER_GLOBAL_ACCENT_COLOR_NAME = AccentColor;
				CODE_SIGN_STYLE = Automatic;
				CURRENT_PROJECT_VERSION = 1;
				DEVELOPMENT_TEAM = SCDJJYX64B;
				GENERATE_INFOPLIST_FILE = YES;
				INFOPLIST_FILE = coupang2/Info.plist;
				INFOPLIST_KEY_UIApplicationSupportsIndirectInputEvents = YES;
				INFOPLIST_KEY_UILaunchStoryboardName = LaunchScreen;
				INFOPLIST_KEY_UIMainStoryboardFile = Main;
				INFOPLIST_KEY_UISupportedInterfaceOrientations_iPad = "UIInterfaceOrientationPortrait UIInterfaceOrientationPortraitUpsideDown UIInterfaceOrientationLandscapeLeft UIInterfaceOrientationLandscapeRight";
				INFOPLIST_KEY_UISupportedInterfaceOrientations_iPhone = "UIInterfaceOrientationPortrait UIInterfaceOrientationLandscapeLeft UIInterfaceOrientationLandscapeRight";
				LD_RUNPATH_SEARCH_PATHS = (
					"$(inherited)",
					"@executable_path/Frameworks",
				);
				MARKETING_VERSION = 1.0;
				PRODUCT_BUNDLE_IDENTIFIER = com.softsquared.ios.coupang2;
				PRODUCT_NAME = "$(TARGET_NAME)";
				SWIFT_EMIT_LOC_STRINGS = YES;
				SWIFT_VERSION = 5.0;
				TARGETED_DEVICE_FAMILY = "1,2";
			};
			name = Debug;
		};
		8BE045DD290105620045EB39 /* Release */ = {
			isa = XCBuildConfiguration;
			buildSettings = {
				ASSETCATALOG_COMPILER_APPICON_NAME = AppIcon;
				ASSETCATALOG_COMPILER_GLOBAL_ACCENT_COLOR_NAME = AccentColor;
				CODE_SIGN_STYLE = Automatic;
				CURRENT_PROJECT_VERSION = 1;
				DEVELOPMENT_TEAM = SCDJJYX64B;
				GENERATE_INFOPLIST_FILE = YES;
				INFOPLIST_FILE = coupang2/Info.plist;
				INFOPLIST_KEY_UIApplicationSupportsIndirectInputEvents = YES;
				INFOPLIST_KEY_UILaunchStoryboardName = LaunchScreen;
				INFOPLIST_KEY_UIMainStoryboardFile = Main;
				INFOPLIST_KEY_UISupportedInterfaceOrientations_iPad = "UIInterfaceOrientationPortrait UIInterfaceOrientationPortraitUpsideDown UIInterfaceOrientationLandscapeLeft UIInterfaceOrientationLandscapeRight";
				INFOPLIST_KEY_UISupportedInterfaceOrientations_iPhone = "UIInterfaceOrientationPortrait UIInterfaceOrientationLandscapeLeft UIInterfaceOrientationLandscapeRight";
				LD_RUNPATH_SEARCH_PATHS = (
					"$(inherited)",
					"@executable_path/Frameworks",
				);
				MARKETING_VERSION = 1.0;
				PRODUCT_BUNDLE_IDENTIFIER = com.softsquared.ios.coupang2;
				PRODUCT_NAME = "$(TARGET_NAME)";
				SWIFT_EMIT_LOC_STRINGS = YES;
				SWIFT_VERSION = 5.0;
				TARGETED_DEVICE_FAMILY = "1,2";
			};
			name = Release;
		};
		8BE045DF290105620045EB39 /* Debug */ = {
			isa = XCBuildConfiguration;
			buildSettings = {
				ALWAYS_EMBED_SWIFT_STANDARD_LIBRARIES = YES;
				BUNDLE_LOADER = "$(TEST_HOST)";
				CODE_SIGN_STYLE = Automatic;
				CURRENT_PROJECT_VERSION = 1;
				DEVELOPMENT_TEAM = SCDJJYX64B;
				GENERATE_INFOPLIST_FILE = YES;
				IPHONEOS_DEPLOYMENT_TARGET = 16.0;
				MARKETING_VERSION = 1.0;
				PRODUCT_BUNDLE_IDENTIFIER = com.softsquared.ios.coupang2Tests;
				PRODUCT_NAME = "$(TARGET_NAME)";
				SWIFT_EMIT_LOC_STRINGS = NO;
				SWIFT_VERSION = 5.0;
				TARGETED_DEVICE_FAMILY = "1,2";
				TEST_HOST = "$(BUILT_PRODUCTS_DIR)/coupang2.app/$(BUNDLE_EXECUTABLE_FOLDER_PATH)/coupang2";
			};
			name = Debug;
		};
		8BE045E0290105620045EB39 /* Release */ = {
			isa = XCBuildConfiguration;
			buildSettings = {
				ALWAYS_EMBED_SWIFT_STANDARD_LIBRARIES = YES;
				BUNDLE_LOADER = "$(TEST_HOST)";
				CODE_SIGN_STYLE = Automatic;
				CURRENT_PROJECT_VERSION = 1;
				DEVELOPMENT_TEAM = SCDJJYX64B;
				GENERATE_INFOPLIST_FILE = YES;
				IPHONEOS_DEPLOYMENT_TARGET = 16.0;
				MARKETING_VERSION = 1.0;
				PRODUCT_BUNDLE_IDENTIFIER = com.softsquared.ios.coupang2Tests;
				PRODUCT_NAME = "$(TARGET_NAME)";
				SWIFT_EMIT_LOC_STRINGS = NO;
				SWIFT_VERSION = 5.0;
				TARGETED_DEVICE_FAMILY = "1,2";
				TEST_HOST = "$(BUILT_PRODUCTS_DIR)/coupang2.app/$(BUNDLE_EXECUTABLE_FOLDER_PATH)/coupang2";
			};
			name = Release;
		};
		8BE045E2290105620045EB39 /* Debug */ = {
			isa = XCBuildConfiguration;
			buildSettings = {
				ALWAYS_EMBED_SWIFT_STANDARD_LIBRARIES = YES;
				CODE_SIGN_STYLE = Automatic;
				CURRENT_PROJECT_VERSION = 1;
				DEVELOPMENT_TEAM = SCDJJYX64B;
				GENERATE_INFOPLIST_FILE = YES;
				MARKETING_VERSION = 1.0;
				PRODUCT_BUNDLE_IDENTIFIER = com.softsquared.ios.coupang2UITests;
				PRODUCT_NAME = "$(TARGET_NAME)";
				SWIFT_EMIT_LOC_STRINGS = NO;
				SWIFT_VERSION = 5.0;
				TARGETED_DEVICE_FAMILY = "1,2";
				TEST_TARGET_NAME = coupang2;
			};
			name = Debug;
		};
		8BE045E3290105620045EB39 /* Release */ = {
			isa = XCBuildConfiguration;
			buildSettings = {
				ALWAYS_EMBED_SWIFT_STANDARD_LIBRARIES = YES;
				CODE_SIGN_STYLE = Automatic;
				CURRENT_PROJECT_VERSION = 1;
				DEVELOPMENT_TEAM = SCDJJYX64B;
				GENERATE_INFOPLIST_FILE = YES;
				MARKETING_VERSION = 1.0;
				PRODUCT_BUNDLE_IDENTIFIER = com.softsquared.ios.coupang2UITests;
				PRODUCT_NAME = "$(TARGET_NAME)";
				SWIFT_EMIT_LOC_STRINGS = NO;
				SWIFT_VERSION = 5.0;
				TARGETED_DEVICE_FAMILY = "1,2";
				TEST_TARGET_NAME = coupang2;
			};
			name = Release;
		};
/* End XCBuildConfiguration section */

/* Begin XCConfigurationList section */
		8BE045AC2901055E0045EB39 /* Build configuration list for PBXProject "coupang2" */ = {
			isa = XCConfigurationList;
			buildConfigurations = (
				8BE045D9290105620045EB39 /* Debug */,
				8BE045DA290105620045EB39 /* Release */,
			);
			defaultConfigurationIsVisible = 0;
			defaultConfigurationName = Release;
		};
		8BE045DB290105620045EB39 /* Build configuration list for PBXNativeTarget "coupang2" */ = {
			isa = XCConfigurationList;
			buildConfigurations = (
				8BE045DC290105620045EB39 /* Debug */,
				8BE045DD290105620045EB39 /* Release */,
			);
			defaultConfigurationIsVisible = 0;
			defaultConfigurationName = Release;
		};
		8BE045DE290105620045EB39 /* Build configuration list for PBXNativeTarget "coupang2Tests" */ = {
			isa = XCConfigurationList;
			buildConfigurations = (
				8BE045DF290105620045EB39 /* Debug */,
				8BE045E0290105620045EB39 /* Release */,
			);
			defaultConfigurationIsVisible = 0;
			defaultConfigurationName = Release;
		};
		8BE045E1290105620045EB39 /* Build configuration list for PBXNativeTarget "coupang2UITests" */ = {
			isa = XCConfigurationList;
			buildConfigurations = (
				8BE045E2290105620045EB39 /* Debug */,
				8BE045E3290105620045EB39 /* Release */,
			);
			defaultConfigurationIsVisible = 0;
			defaultConfigurationName = Release;
		};
/* End XCConfigurationList section */
	};
	rootObject = 8BE045A92901055E0045EB39 /* Project object */;
}
